
Microsoft Visual Studio Solution File, Format Version 12.00
# Visual Studio Version 16
VisualStudioVersion = 16.0.32228.343
MinimumVisualStudioVersion = 10.0.40219.1
Project("{FAE04EC0-301F-11D3-BF4B-00C04F79EFBC}") = "CakeWebManagement", "CakeWebManagement\CakeWebManagement.csproj", "{07E8A17F-CD16-4167-99EF-C6D2335BB9F7}"
EndProject
Global
	GlobalSection(SolutionConfigurationPlatforms) = preSolution
		Debug|Any CPU = Debug|Any CPU
		Release|Any CPU = Release|Any CPU
	EndGlobalSection
	GlobalSection(ProjectConfigurationPlatforms) = postSolution
		{07E8A17F-CD16-4167-99EF-C6D2335BB9F7}.Debug|Any CPU.ActiveCfg = Debug|Any CPU
		{07E8A17F-CD16-4167-99EF-C6D2335BB9F7}.Debug|Any CPU.Build.0 = Debug|Any CPU
		{07E8A17F-CD16-4167-99EF-C6D2335BB9F7}.Release|Any CPU.ActiveCfg = Release|Any CPU
		{07E8A17F-CD16-4167-99EF-C6D2335BB9F7}.Release|Any CPU.Build.0 = Release|Any CPU
	EndGlobalSection
	GlobalSection(SolutionProperties) = preSolution
		HideSolutionNode = FALSE
	EndGlobalSection
	GlobalSection(ExtensibilityGlobals) = postSolution
		SolutionGuid = {90F4A29D-5C6A-4112-BD84-C4C1FB09B3F3}
	EndGlobalSection
EndGlobal
